// !$*UTF8*$!
{
	archiveVersion = 1;
	classes = {
	};
	objectVersion = 46;
	objects = {

/* Begin PBXBuildFile section */
		BE91A9C91C91A1F4000E06A4 /* main.m in Sources */ = {isa = PBXBuildFile; fileRef = BE91A9C81C91A1F4000E06A4 /* main.m */; };
		BE91A9CC1C91A1F4000E06A4 /* AppDelegate.m in Sources */ = {isa = PBXBuildFile; fileRef = BE91A9CB1C91A1F4000E06A4 /* AppDelegate.m */; };
		BE91A9CF1C91A1F4000E06A4 /* ViewController.m in Sources */ = {isa = PBXBuildFile; fileRef = BE91A9CE1C91A1F4000E06A4 /* ViewController.m */; };
		BE91A9D21C91A1F4000E06A4 /* Main.storyboard in Resources */ = {isa = PBXBuildFile; fileRef = BE91A9D01C91A1F4000E06A4 /* Main.storyboard */; };
		BE91A9D41C91A1F4000E06A4 /* Assets.xcassets in Resources */ = {isa = PBXBuildFile; fileRef = BE91A9D31C91A1F4000E06A4 /* Assets.xcassets */; };
		BE91A9D71C91A1F4000E06A4 /* LaunchScreen.storyboard in Resources */ = {isa = PBXBuildFile; fileRef = BE91A9D51C91A1F4000E06A4 /* LaunchScreen.storyboard */; };
/* End PBXBuildFile section */

/* Begin PBXFileReference section */
		BE91A9C41C91A1F4000E06A4 /* WPTrainTicker2.0.app */ = {isa = PBXFileReference; explicitFileType = wrapper.application; includeInIndex = 0; path = WPTrainTicker2.0.app; sourceTree = BUILT_PRODUCTS_DIR; };
		BE91A9C81C91A1F4000E06A4 /* main.m */ = {isa = PBXFileReference; lastKnownFileType = sourcecode.c.objc; path = main.m; sourceTree = "<group>"; };
		BE91A9CA1C91A1F4000E06A4 /* AppDelegate.h */ = {isa = PBXFileReference; lastKnownFileType = sourcecode.c.h; path = AppDelegate.h; sourceTree = "<group>"; };
		BE91A9CB1C91A1F4000E06A4 /* AppDelegate.m */ = {isa = PBXFileReference; lastKnownFileType = sourcecode.c.objc; path = AppDelegate.m; sourceTree = "<group>"; };
		BE91A9CD1C91A1F4000E06A4 /* ViewController.h */ = {isa = PBXFileReference; lastKnownFileType = sourcecode.c.h; path = ViewController.h; sourceTree = "<group>"; };
		BE91A9CE1C91A1F4000E06A4 /* ViewController.m */ = {isa = PBXFileReference; lastKnownFileType = sourcecode.c.objc; path = ViewController.m; sourceTree = "<group>"; };
		BE91A9D11C91A1F4000E06A4 /* Base */ = {isa = PBXFileReference; lastKnownFileType = file.storyboard; name = Base; path = Base.lproj/Main.storyboard; sourceTree = "<group>"; };
		BE91A9D31C91A1F4000E06A4 /* Assets.xcassets */ = {isa = PBXFileReference; lastKnownFileType = folder.assetcatalog; path = Assets.xcassets; sourceTree = "<group>"; };
		BE91A9D61C91A1F4000E06A4 /* Base */ = {isa = PBXFileReference; lastKnownFileType = file.storyboard; name = Base; path = Base.lproj/LaunchScreen.storyboard; sourceTree = "<group>"; };
		BE91A9D81C91A1F4000E06A4 /* Info.plist */ = {isa = PBXFileReference; lastKnownFileType = text.plist.xml; path = Info.plist; sourceTree = "<group>"; };
/* End PBXFileReference section */

/* Begin PBXFrameworksBuildPhase section */
		BE91A9C11C91A1F4000E06A4 /* Frameworks */ = {
			isa = PBXFrameworksBuildPhase;
			buildActionMask = 2147483647;
			files = (
			);
			runOnlyForDeploymentPostprocessing = 0;
		};
/* End PBXFrameworksBuildPhase section */

/* Begin PBXGroup section */
		BE91A9BB1C91A1F4000E06A4 = {
			isa = PBXGroup;
			children = (
				BE91A9C61C91A1F4000E06A4 /* WPTrainTicker2.0 */,
				BE91A9C51C91A1F4000E06A4 /* Products */,
			);
			sourceTree = "<group>";
		};
		BE91A9C51C91A1F4000E06A4 /* Products */ = {
			isa = PBXGroup;
			children = (
				BE91A9C41C91A1F4000E06A4 /* WPTrainTicker2.0.app */,
			);
			name = Products;
			sourceTree = "<group>";
		};
		BE91A9C61C91A1F4000E06A4 /* WPTrainTicker2.0 */ = {
			isa = PBXGroup;
			children = (
				BE91A9CA1C91A1F4000E06A4 /* AppDelegate.h */,
				BE91A9CB1C91A1F4000E06A4 /* AppDelegate.m */,
				BE91A9CD1C91A1F4000E06A4 /* ViewController.h */,
				BE91A9CE1C91A1F4000E06A4 /* ViewController.m */,
				BE91A9D01C91A1F4000E06A4 /* Main.storyboard */,
				BE91A9D31C91A1F4000E06A4 /* Assets.xcassets */,
				BE91A9D51C91A1F4000E06A4 /* LaunchScreen.storyboard */,
				BE91A9D81C91A1F4000E06A4 /* Info.plist */,
				BE91A9C71C91A1F4000E06A4 /* Supporting Files */,
			);
			path = WPTrainTicker2.0;
			sourceTree = "<group>";
		};
		BE91A9C71C91A1F4000E06A4 /* Supporting Files */ = {
			isa = PBXGroup;
			children = (
				BE91A9C81C91A1F4000E06A4 /* main.m */,
			);
			name = "Supporting Files";
			sourceTree = "<group>";
		};
/* End PBXGroup section */

/* Begin PBXNativeTarget section */
		BE91A9C31C91A1F4000E06A4 /* WPTrainTicker2.0 */ = {
			isa = PBXNativeTarget;
			buildConfigurationList = BE91A9DB1C91A1F4000E06A4 /* Build configuration list for PBXNativeTarget "WPTrainTicker2.0" */;
			buildPhases = (
				BE91A9C01C91A1F4000E06A4 /* Sources */,
				BE91A9C11C91A1F4000E06A4 /* Frameworks */,
				BE91A9C21C91A1F4000E06A4 /* Resources */,
			);
			buildRules = (
			);
			dependencies = (
			);
			name = WPTrainTicker2.0;
			productName = WPTrainTicker2.0;
			productReference = BE91A9C41C91A1F4000E06A4 /* WPTrainTicker2.0.app */;
			productType = "com.apple.product-type.application";
		};
/* End PBXNativeTarget section */

/* Begin PBXProject section */
		BE91A9BC1C91A1F4000E06A4 /* Project object */ = {
			isa = PBXProject;
			attributes = {
				LastUpgradeCheck = 0710;
				ORGANIZATIONNAME = "万敏";
				TargetAttributes = {
					BE91A9C31C91A1F4000E06A4 = {
						CreatedOnToolsVersion = 7.1.1;
						DevelopmentTeam = RH3LN679Y8;
					};
				};
			};
			buildConfigurationList = BE91A9BF1C91A1F4000E06A4 /* Build configuration list for PBXProject "WPTrainTicker2.0" */;
			compatibilityVersion = "Xcode 3.2";
			developmentRegion = English;
			hasScannedForEncodings = 0;
			knownRegions = (
				en,
				Base,
			);
			mainGroup = BE91A9BB1C91A1F4000E06A4;
			productRefGroup = BE91A9C51C91A1F4000E06A4 /* Products */;
			projectDirPath = "";
			projectRoot = "";
			targets = (
				BE91A9C31C91A1F4000E06A4 /* WPTrainTicker2.0 */,
			);
		};
/* End PBXProject section */

/* Begin PBXResourcesBuildPhase section */
		BE91A9C21C91A1F4000E06A4 /* Resources */ = {
			isa = PBXResourcesBuildPhase;
			buildActionMask = 2147483647;
			files = (
				BE91A9D71C91A1F4000E06A4 /* LaunchScreen.storyboard in Resources */,
				BE91A9D41C91A1F4000E06A4 /* Assets.xcassets in Resources */,
				BE91A9D21C91A1F4000E06A4 /* Main.storyboard in Resources */,
			);
			runOnlyForDeploymentPostprocessing = 0;
		};
/* End PBXResourcesBuildPhase section */

/* Begin PBXSourcesBuildPhase section */
		BE91A9C01C91A1F4000E06A4 /* Sources */ = {
			isa = PBXSourcesBuildPhase;
			buildActionMask = 2147483647;
			files = (
				BE91A9CF1C91A1F4000E06A4 /* ViewController.m in Sources */,
				BE91A9CC1C91A1F4000E06A4 /* AppDelegate.m in Sources */,
				BE91A9C91C91A1F4000E06A4 /* main.m in Sources */,
			);
			runOnlyForDeploymentPostprocessing = 0;
		};
/* End PBXSourcesBuildPhase section */

/* Begin PBXVariantGroup section */
		BE91A9D01C91A1F4000E06A4 /* Main.storyboard */ = {
			isa = PBXVariantGroup;
			children = (
				BE91A9D11C91A1F4000E06A4 /* Base */,
			);
			name = Main.storyboard;
			sourceTree = "<group>";
		};
		BE91A9D51C91A1F4000E06A4 /* LaunchScreen.storyboard */ = {
			isa = PBXVariantGroup;
			children = (
				BE91A9D61C91A1F4000E06A4 /* Base */,
			);
			name = LaunchScreen.storyboard;
			sourceTree = "<group>";
		};
/* End PBXVariantGroup section */

/* Begin XCBuildConfiguration section */
		BE91A9D91C91A1F4000E06A4 /* Debug */ = {
			isa = XCBuildConfiguration;
			buildSettings = {
				ALWAYS_SEARCH_USER_PATHS = NO;
				CLANG_CXX_LANGUAGE_STANDARD = "gnu++0x";
				CLANG_CXX_LIBRARY = "libc++";
				CLANG_ENABLE_MODULES = YES;
				CLANG_ENABLE_OBJC_ARC = YES;
				CLANG_WARN_BOOL_CONVERSION = YES;
				CLANG_WARN_CONSTANT_CONVERSION = YES;
				CLANG_WARN_DIRECT_OBJC_ISA_USAGE = YES_ERROR;
				CLANG_WARN_EMPTY_BODY = YES;
				CLANG_WARN_ENUM_CONVERSION = YES;
				CLANG_WARN_INT_CONVERSION = YES;
				CLANG_WARN_OBJC_ROOT_CLASS = YES_ERROR;
				CLANG_WARN_UNREACHABLE_CODE = YES;
				CLANG_WARN__DUPLICATE_METHOD_MATCH = YES;
				"CODE_SIGN_IDENTITY[sdk=iphoneos*]" = "iPhone Developer";
				COPY_PHASE_STRIP = NO;
				DEBUG_INFORMATION_FORMAT = dwarf;
				ENABLE_STRICT_OBJC_MSGSEND = YES;
				ENABLE_TESTABILITY = YES;
				GCC_C_LANGUAGE_STANDARD = gnu99;
				GCC_DYNAMIC_NO_PIC = NO;
				GCC_NO_COMMON_BLOCKS = YES;
				GCC_OPTIMIZATION_LEVEL = 0;
				GCC_PREPROCESSOR_DEFINITIONS = (
					"DEBUG=1",
					"$(inherited)",
				);
				GCC_WARN_64_TO_32_BIT_CONVERSION = YES;
				GCC_WARN_ABOUT_RETURN_TYPE = YES_ERROR;
				GCC_WARN_UNDECLARED_SELECTOR = YES;
				GCC_WARN_UNINITIALIZED_AUTOS = YES_AGGRESSIVE;
				GCC_WARN_UNUSED_FUNCTION = YES;
				GCC_WARN_UNUSED_VARIABLE = YES;
				IPHONEOS_DEPLOYMENT_TARGET = 9.1;
				MTL_ENABLE_DEBUG_INFO = YES;
				ONLY_ACTIVE_ARCH = YES;
				SDKROOT = iphoneos;
			};
			name = Debug;
		};
		BE91A9DA1C91A1F4000E06A4 /* Release */ = {
			isa = XCBuildConfiguration;
			buildSettings = {
				ALWAYS_SEARCH_USER_PATHS = NO;
				CLANG_CXX_LANGUAGE_STANDARD = "gnu++0x";
				CLANG_CXX_LIBRARY = "libc++";
				CLANG_ENABLE_MODULES = YES;
				CLANG_ENABLE_OBJC_ARC = YES;
				CLANG_WARN_BOOL_CONVERSION = YES;
				CLANG_WARN_CONSTANT_CONVERSION = YES;
				CLANG_WARN_DIRECT_OBJC_ISA_USAGE = YES_ERROR;
				CLANG_WARN_EMPTY_BODY = YES;
				CLANG_WARN_ENUM_CONVERSION = YES;
				CLANG_WARN_INT_CONVERSION = YES;
				CLANG_WARN_OBJC_ROOT_CLASS = YES_ERROR;
				CLANG_WARN_UNREACHABLE_CODE = YES;
				CLANG_WARN__DUPLICATE_METHOD_MATCH = YES;
				"CODE_SIGN_IDENTITY[sdk=iphoneos*]" = "iPhone Developer";
				COPY_PHASE_STRIP = NO;
				DEBUG_INFORMATION_FORMAT = "dwarf-with-dsym";
				ENABLE_NS_ASSERTIONS = NO;
				ENABLE_STRICT_OBJC_MSGSEND = YES;
				GCC_C_LANGUAGE_STANDARD = gnu99;
				GCC_NO_COMMON_BLOCKS = YES;
				GCC_WARN_64_TO_32_BIT_CONVERSION = YES;
				GCC_WARN_ABOUT_RETURN_TYPE = YES_ERROR;
				GCC_WARN_UNDECLARED_SELECTOR = YES;
				GCC_WARN_UNINITIALIZED_AUTOS = YES_AGGRESSIVE;
				GCC_WARN_UNUSED_FUNCTION = YES;
				GCC_WARN_UNUSED_VARIABLE = YES;
				IPHONEOS_DEPLOYMENT_TARGET = 9.1;
				MTL_ENABLE_DEBUG_INFO = NO;
				SDKROOT = iphoneos;
				VALIDATE_PRODUCT = YES;
			};
			name = Release;
		};
		BE91A9DC1C91A1F4000E06A4 /* Debug */ = {
			isa = XCBuildConfiguration;
			buildSettings = {
				ASSETCATALOG_COMPILER_APPICON_NAME = AppIcon;
				INFOPLIST_FILE = WPTrainTicker2.0/Info.plist;
				LD_RUNPATH_SEARCH_PATHS = "$(inherited) @executable_path/Frameworks";
				PRODUCT_BUNDLE_IDENTIFIER = "com.yibeio.WPTrainTicker2-0";
				PRODUCT_NAME = "$(TARGET_NAME)";
			};
			name = Debug;
		};
		BE91A9DD1C91A1F4000E06A4 /* Release */ = {
			isa = XCBuildConfiguration;
			buildSettings = {
				ASSETCATALOG_COMPILER_APPICON_NAME = AppIcon;
				INFOPLIST_FILE = WPTrainTicker2.0/Info.plist;
				LD_RUNPATH_SEARCH_PATHS = "$(inherited) @executable_path/Frameworks";
				PRODUCT_BUNDLE_IDENTIFIER = "com.yibeio.WPTrainTicker2-0";
				PRODUCT_NAME = "$(TARGET_NAME)";
			};
			name = Release;
		};
/* End XCBuildConfiguration section */

/* Begin XCConfigurationList section */
		BE91A9BF1C91A1F4000E06A4 /* Build configuration list for PBXProject "WPTrainTicker2.0" */ = {
			isa = XCConfigurationList;
			buildConfigurations = (
				BE91A9D91C91A1F4000E06A4 /* Debug */,
				BE91A9DA1C91A1F4000E06A4 /* Release */,
			);
			defaultConfigurationIsVisible = 0;
			defaultConfigurationName = Release;
		};
		BE91A9DB1C91A1F4000E06A4 /* Build configuration list for PBXNativeTarget "WPTrainTicker2.0" */ = {
			isa = XCConfigurationList;
			buildConfigurations = (
				BE91A9DC1C91A1F4000E06A4 /* Debug */,
				BE91A9DD1C91A1F4000E06A4 /* Release */,
			);
			defaultConfigurationIsVisible = 0;
		};
/* End XCConfigurationList section */
	};
	rootObject = BE91A9BC1C91A1F4000E06A4 /* Project object */;
}
